
Microsoft Visual Studio Solution File, Format Version 12.00
# Visual Studio Version 17
VisualStudioVersion = 17.10.34928.147
MinimumVisualStudioVersion = 10.0.40219.1
Project("{FAE04EC0-301F-11D3-BF4B-00C04F79EFBC}") = "Model", "Model.csproj", "{D3CA55F2-1094-44AE-92D6-774B721BE33D}"
EndProject
Project("{FAE04EC0-301F-11D3-BF4B-00C04F79EFBC}") = "Konzola", "Konzola\Konzola.csproj", "{BC28FD8E-E938-425C-9A53-EC1DFE47BD7B}"
EndProject
Global
	GlobalSection(SolutionConfigurationPlatforms) = preSolution
		Debug|Any CPU = Debug|Any CPU
		Release|Any CPU = Release|Any CPU
	EndGlobalSection
	GlobalSection(ProjectConfigurationPlatforms) = postSolution
		{D3CA55F2-1094-44AE-92D6-774B721BE33D}.Debug|Any CPU.ActiveCfg = Debug|Any CPU
		{D3CA55F2-1094-44AE-92D6-774B721BE33D}.Debug|Any CPU.Build.0 = Debug|Any CPU
		{D3CA55F2-1094-44AE-92D6-774B721BE33D}.Release|Any CPU.ActiveCfg = Release|Any CPU
		{D3CA55F2-1094-44AE-92D6-774B721BE33D}.Release|Any CPU.Build.0 = Release|Any CPU
		{BC28FD8E-E938-425C-9A53-EC1DFE47BD7B}.Debug|Any CPU.ActiveCfg = Debug|Any CPU
		{BC28FD8E-E938-425C-9A53-EC1DFE47BD7B}.Debug|Any CPU.Build.0 = Debug|Any CPU
		{BC28FD8E-E938-425C-9A53-EC1DFE47BD7B}.Release|Any CPU.ActiveCfg = Release|Any CPU
		{BC28FD8E-E938-425C-9A53-EC1DFE47BD7B}.Release|Any CPU.Build.0 = Release|Any CPU
	EndGlobalSection
	GlobalSection(SolutionProperties) = preSolution
		HideSolutionNode = FALSE
	EndGlobalSection
	GlobalSection(ExtensibilityGlobals) = postSolution
		SolutionGuid = {8153FDFE-6B01-4282-B17F-EBC8045955C0}
	EndGlobalSection
EndGlobal
